
Microsoft Visual Studio Solution File, Format Version 12.00
Project("{FAE04EC0-301F-11D3-BF4B-00C04F79EFBC}") = "LegacyRenewalApp", "LegacyRenewalApp\LegacyRenewalApp.csproj", "{F1F814F9-5890-4748-AE21-A464844C037B}"
EndProject
Project("{FAE04EC0-301F-11D3-BF4B-00C04F79EFBC}") = "LegacyRenewalAppConsumer", "LegacyRenewalAppConsumer\LegacyRenewalAppConsumer.csproj", "{22216E00-4C7C-4C5F-95BC-785E59A03E3B}"
EndProject
Global
	GlobalSection(SolutionConfigurationPlatforms) = preSolution
		Debug|Any CPU = Debug|Any CPU
		Release|Any CPU = Release|Any CPU
	EndGlobalSection
	GlobalSection(ProjectConfigurationPlatforms) = postSolution
		{F1F814F9-5890-4748-AE21-A464844C037B}.Debug|Any CPU.ActiveCfg = Debug|Any CPU
		{F1F814F9-5890-4748-AE21-A464844C037B}.Debug|Any CPU.Build.0 = Debug|Any CPU
		{F1F814F9-5890-4748-AE21-A464844C037B}.Release|Any CPU.ActiveCfg = Release|Any CPU
		{F1F814F9-5890-4748-AE21-A464844C037B}.Release|Any CPU.Build.0 = Release|Any CPU
		{22216E00-4C7C-4C5F-95BC-785E59A03E3B}.Debug|Any CPU.ActiveCfg = Debug|Any CPU
		{22216E00-4C7C-4C5F-95BC-785E59A03E3B}.Debug|Any CPU.Build.0 = Debug|Any CPU
		{22216E00-4C7C-4C5F-95BC-785E59A03E3B}.Release|Any CPU.ActiveCfg = Release|Any CPU
		{22216E00-4C7C-4C5F-95BC-785E59A03E3B}.Release|Any CPU.Build.0 = Release|Any CPU
	EndGlobalSection
EndGlobal
